
Microsoft Visual Studio Solution File, Format Version 12.00
# Visual Studio Version 17
VisualStudioVersion = 17.8.34330.188
MinimumVisualStudioVersion = 10.0.40219.1
Project("{8BC9CEB8-8B4A-11D0-8D11-00A0C91BC942}") = "Data Structures & Algorithms Practice Project", "Data Structures & Algorithms Practice Project\Data Structures & Algorithms Practice Project.vcxproj", "{DD4477C7-0AD3-4ADB-B5CE-9C39A411DBD2}"
EndProject
Global
	GlobalSection(SolutionConfigurationPlatforms) = preSolution
		Debug|x64 = Debug|x64
		Debug|x86 = Debug|x86
		Release|x64 = Release|x64
		Release|x86 = Release|x86
	EndGlobalSection
	GlobalSection(ProjectConfigurationPlatforms) = postSolution
		{DD4477C7-0AD3-4ADB-B5CE-9C39A411DBD2}.Debug|x64.ActiveCfg = Debug|x64
		{DD4477C7-0AD3-4ADB-B5CE-9C39A411DBD2}.Debug|x64.Build.0 = Debug|x64
		{DD4477C7-0AD3-4ADB-B5CE-9C39A411DBD2}.Debug|x86.ActiveCfg = Debug|Win32
		{DD4477C7-0AD3-4ADB-B5CE-9C39A411DBD2}.Debug|x86.Build.0 = Debug|Win32
		{DD4477C7-0AD3-4ADB-B5CE-9C39A411DBD2}.Release|x64.ActiveCfg = Release|x64
		{DD4477C7-0AD3-4ADB-B5CE-9C39A411DBD2}.Release|x64.Build.0 = Release|x64
		{DD4477C7-0AD3-4ADB-B5CE-9C39A411DBD2}.Release|x86.ActiveCfg = Release|Win32
		{DD4477C7-0AD3-4ADB-B5CE-9C39A411DBD2}.Release|x86.Build.0 = Release|Win32
	EndGlobalSection
	GlobalSection(SolutionProperties) = preSolution
		HideSolutionNode = FALSE
	EndGlobalSection
	GlobalSection(ExtensibilityGlobals) = postSolution
		SolutionGuid = {6551D0A3-FC62-4F27-B5C2-C75F938A6806}
	EndGlobalSection
EndGlobal
